github.com/azul3d/engine v0.0.0-20211024043305-793ea6c2839d h1:rjznNQwrhE00gPar+rWgoh2RFOOTlE8YL7K20ADJB/w=
github.com/azul3d/engine v0.0.0-20211024043305-793ea6c2839d/go.mod h1:XJaK+eQA5QZRq/Y8jYtJnUGhqAfHxG3z2PgwiHvE2BA=
github.com/imroc/req v0.3.2 h1:M/JkeU6RPmX+WYvT2vaaOL0K+q8ufL5LxwvJc4xeB4o=
github.com/imroc/req v0.3.2/go.mod h1:F+NZ+2EFSo6EFXdeIbpfE9hcC233id70kf0byW97Caw=
